
Microsoft Visual Studio Solution File, Format Version 12.00
# Visual Studio Version 17
VisualStudioVersion = 17.0.31903.59
MinimumVisualStudioVersion = 10.0.40219.1
Project("{8BC9CEB8-8B4A-11D0-8D11-00A0C91BC942}") = "Task1", "Task1\Task1.vcxproj", "{DB2FAD75-4FC5-4CCE-8435-5DA0C530B4AE}"
EndProject
Project("{8BC9CEB8-8B4A-11D0-8D11-00A0C91BC942}") = "Task2", "Task2\Task2.vcxproj", "{E56AC63A-28DC-41CE-84AF-6FA6BA815FBB}"
EndProject
Project("{8BC9CEB8-8B4A-11D0-8D11-00A0C91BC942}") = "Task2b", "Task2b\Task2b.vcxproj", "{F0A9C84F-E97E-497D-8E89-5ADD28A7F7E7}"
EndProject
Project("{8BC9CEB8-8B4A-11D0-8D11-00A0C91BC942}") = "Task2c", "Task2c\Task2c.vcxproj", "{08EA5823-4316-4281-9C7C-5DD42616E5AD}"
EndProject
Project("{8BC9CEB8-8B4A-11D0-8D11-00A0C91BC942}") = "Task3", "Task3\Task3.vcxproj", "{7DAE591F-D1E0-4409-8FC6-EB696515F48D}"
EndProject
Project("{8BC9CEB8-8B4A-11D0-8D11-00A0C91BC942}") = "Task3b", "Task3b\Task3b.vcxproj", "{EE6CB00E-8C3F-4404-91E5-522B83588D5D}"
EndProject
Project("{8BC9CEB8-8B4A-11D0-8D11-00A0C91BC942}") = "Task4", "Task4\Task4.vcxproj", "{B066DCC8-E737-4AC9-90B7-0461AD88F655}"
EndProject
Project("{8BC9CEB8-8B4A-11D0-8D11-00A0C91BC942}") = "Task5", "Task5\Task5.vcxproj", "{8BBEE8F0-B53F-4E00-81FF-1C4FD0418262}"
EndProject
Project("{8BC9CEB8-8B4A-11D0-8D11-00A0C91BC942}") = "Task6", "Task6\Task6.vcxproj", "{4A033C31-6FBD-45C1-9F8A-F8D0AE3C79F7}"
EndProject
Global
	GlobalSection(SolutionConfigurationPlatforms) = preSolution
		Debug|x64 = Debug|x64
		Debug|x86 = Debug|x86
		Release|x64 = Release|x64
		Release|x86 = Release|x86
	EndGlobalSection
	GlobalSection(ProjectConfigurationPlatforms) = postSolution
		{DB2FAD75-4FC5-4CCE-8435-5DA0C530B4AE}.Debug|x64.ActiveCfg = Debug|x64
		{DB2FAD75-4FC5-4CCE-8435-5DA0C530B4AE}.Debug|x64.Build.0 = Debug|x64
		{DB2FAD75-4FC5-4CCE-8435-5DA0C530B4AE}.Debug|x86.ActiveCfg = Debug|Win32
		{DB2FAD75-4FC5-4CCE-8435-5DA0C530B4AE}.Debug|x86.Build.0 = Debug|Win32
		{DB2FAD75-4FC5-4CCE-8435-5DA0C530B4AE}.Release|x64.ActiveCfg = Release|x64
		{DB2FAD75-4FC5-4CCE-8435-5DA0C530B4AE}.Release|x64.Build.0 = Release|x64
		{DB2FAD75-4FC5-4CCE-8435-5DA0C530B4AE}.Release|x86.ActiveCfg = Release|Win32
		{DB2FAD75-4FC5-4CCE-8435-5DA0C530B4AE}.Release|x86.Build.0 = Release|Win32
		{E56AC63A-28DC-41CE-84AF-6FA6BA815FBB}.Debug|x64.ActiveCfg = Debug|x64
		{E56AC63A-28DC-41CE-84AF-6FA6BA815FBB}.Debug|x64.Build.0 = Debug|x64
		{E56AC63A-28DC-41CE-84AF-6FA6BA815FBB}.Debug|x86.ActiveCfg = Debug|Win32
		{E56AC63A-28DC-41CE-84AF-6FA6BA815FBB}.Debug|x86.Build.0 = Debug|Win32
		{E56AC63A-28DC-41CE-84AF-6FA6BA815FBB}.Release|x64.ActiveCfg = Release|x64
		{E56AC63A-28DC-41CE-84AF-6FA6BA815FBB}.Release|x64.Build.0 = Release|x64
		{E56AC63A-28DC-41CE-84AF-6FA6BA815FBB}.Release|x86.ActiveCfg = Release|Win32
		{E56AC63A-28DC-41CE-84AF-6FA6BA815FBB}.Release|x86.Build.0 = Release|Win32
		{F0A9C84F-E97E-497D-8E89-5ADD28A7F7E7}.Debug|x64.ActiveCfg = Debug|x64
		{F0A9C84F-E97E-497D-8E89-5ADD28A7F7E7}.Debug|x64.Build.0 = Debug|x64
		{F0A9C84F-E97E-497D-8E89-5ADD28A7F7E7}.Debug|x86.ActiveCfg = Debug|Win32
		{F0A9C84F-E97E-497D-8E89-5ADD28A7F7E7}.Debug|x86.Build.0 = Debug|Win32
		{F0A9C84F-E97E-497D-8E89-5ADD28A7F7E7}.Release|x64.ActiveCfg = Release|x64
		{F0A9C84F-E97E-497D-8E89-5ADD28A7F7E7}.Release|x64.Build.0 = Release|x64
		{F0A9C84F-E97E-497D-8E89-5ADD28A7F7E7}.Release|x86.ActiveCfg = Release|Win32
		{F0A9C84F-E97E-497D-8E89-5ADD28A7F7E7}.Release|x86.Build.0 = Release|Win32
		{08EA5823-4316-4281-9C7C-5DD42616E5AD}.Debug|x64.ActiveCfg = Debug|x64
		{08EA5823-4316-4281-9C7C-5DD42616E5AD}.Debug|x64.Build.0 = Debug|x64
		{08EA5823-4316-4281-9C7C-5DD42616E5AD}.Debug|x86.ActiveCfg = Debug|Win32
		{08EA5823-4316-4281-9C7C-5DD42616E5AD}.Debug|x86.Build.0 = Debug|Win32
		{08EA5823-4316-4281-9C7C-5DD42616E5AD}.Release|x64.ActiveCfg = Release|x64
		{08EA5823-4316-4281-9C7C-5DD42616E5AD}.Release|x64.Build.0 = Release|x64
		{08EA5823-4316-4281-9C7C-5DD42616E5AD}.Release|x86.ActiveCfg = Release|Win32
		{08EA5823-4316-4281-9C7C-5DD42616E5AD}.Release|x86.Build.0 = Release|Win32
		{7DAE591F-D1E0-4409-8FC6-EB696515F48D}.Debug|x64.ActiveCfg = Debug|x64
		{7DAE591F-D1E0-4409-8FC6-EB696515F48D}.Debug|x64.Build.0 = Debug|x64
		{7DAE591F-D1E0-4409-8FC6-EB696515F48D}.Debug|x86.ActiveCfg = Debug|Win32
		{7DAE591F-D1E0-4409-8FC6-EB696515F48D}.Debug|x86.Build.0 = Debug|Win32
		{7DAE591F-D1E0-4409-8FC6-EB696515F48D}.Release|x64.ActiveCfg = Release|x64
		{7DAE591F-D1E0-4409-8FC6-EB696515F48D}.Release|x64.Build.0 = Release|x64
		{7DAE591F-D1E0-4409-8FC6-EB696515F48D}.Release|x86.ActiveCfg = Release|Win32
		{7DAE591F-D1E0-4409-8FC6-EB696515F48D}.Release|x86.Build.0 = Release|Win32
		{EE6CB00E-8C3F-4404-91E5-522B83588D5D}.Debug|x64.ActiveCfg = Debug|x64
		{EE6CB00E-8C3F-4404-91E5-522B83588D5D}.Debug|x64.Build.0 = Debug|x64
		{EE6CB00E-8C3F-4404-91E5-522B83588D5D}.Debug|x86.ActiveCfg = Debug|Win32
		{EE6CB00E-8C3F-4404-91E5-522B83588D5D}.Debug|x86.Build.0 = Debug|Win32
		{EE6CB00E-8C3F-4404-91E5-522B83588D5D}.Release|x64.ActiveCfg = Release|x64
		{EE6CB00E-8C3F-4404-91E5-522B83588D5D}.Release|x64.Build.0 = Release|x64
		{EE6CB00E-8C3F-4404-91E5-522B83588D5D}.Release|x86.ActiveCfg = Release|Win32
		{EE6CB00E-8C3F-4404-91E5-522B83588D5D}.Release|x86.Build.0 = Release|Win32
		{B066DCC8-E737-4AC9-90B7-0461AD88F655}.Debug|x64.ActiveCfg = Debug|x64
		{B066DCC8-E737-4AC9-90B7-0461AD88F655}.Debug|x64.Build.0 = Debug|x64
		{B066DCC8-E737-4AC9-90B7-0461AD88F655}.Debug|x86.ActiveCfg = Debug|Win32
		{B066DCC8-E737-4AC9-90B7-0461AD88F655}.Debug|x86.Build.0 = Debug|Win32
		{B066DCC8-E737-4AC9-90B7-0461AD88F655}.Release|x64.ActiveCfg = Release|x64
		{B066DCC8-E737-4AC9-90B7-0461AD88F655}.Release|x64.Build.0 = Release|x64
		{B066DCC8-E737-4AC9-90B7-0461AD88F655}.Release|x86.ActiveCfg = Release|Win32
		{B066DCC8-E737-4AC9-90B7-0461AD88F655}.Release|x86.Build.0 = Release|Win32
		{8BBEE8F0-B53F-4E00-81FF-1C4FD0418262}.Debug|x64.ActiveCfg = Debug|x64
		{8BBEE8F0-B53F-4E00-81FF-1C4FD0418262}.Debug|x64.Build.0 = Debug|x64
		{8BBEE8F0-B53F-4E00-81FF-1C4FD0418262}.Debug|x86.ActiveCfg = Debug|Win32
		{8BBEE8F0-B53F-4E00-81FF-1C4FD0418262}.Debug|x86.Build.0 = Debug|Win32
		{8BBEE8F0-B53F-4E00-81FF-1C4FD0418262}.Release|x64.ActiveCfg = Release|x64
		{8BBEE8F0-B53F-4E00-81FF-1C4FD0418262}.Release|x64.Build.0 = Release|x64
		{8BBEE8F0-B53F-4E00-81FF-1C4FD0418262}.Release|x86.ActiveCfg = Release|Win32
		{8BBEE8F0-B53F-4E00-81FF-1C4FD0418262}.Release|x86.Build.0 = Release|Win32
		{4A033C31-6FBD-45C1-9F8A-F8D0AE3C79F7}.Debug|x64.ActiveCfg = Debug|x64
		{4A033C31-6FBD-45C1-9F8A-F8D0AE3C79F7}.Debug|x64.Build.0 = Debug|x64
		{4A033C31-6FBD-45C1-9F8A-F8D0AE3C79F7}.Debug|x86.ActiveCfg = Debug|Win32
		{4A033C31-6FBD-45C1-9F8A-F8D0AE3C79F7}.Debug|x86.Build.0 = Debug|Win32
		{4A033C31-6FBD-45C1-9F8A-F8D0AE3C79F7}.Release|x64.ActiveCfg = Release|x64
		{4A033C31-6FBD-45C1-9F8A-F8D0AE3C79F7}.Release|x64.Build.0 = Release|x64
		{4A033C31-6FBD-45C1-9F8A-F8D0AE3C79F7}.Release|x86.ActiveCfg = Release|Win32
		{4A033C31-6FBD-45C1-9F8A-F8D0AE3C79F7}.Release|x86.Build.0 = Release|Win32
	EndGlobalSection
	GlobalSection(SolutionProperties) = preSolution
		HideSolutionNode = FALSE
	EndGlobalSection
	GlobalSection(ExtensibilityGlobals) = postSolution
		SolutionGuid = {B488BAAC-7C2F-4097-8324-29E6474B332B}
	EndGlobalSection
EndGlobal
